Microsoft Visual Studio Solution File, Format Version 12.00
# Visual Studio Version 17
VisualStudioVersion = 17.5.2.0
MinimumVisualStudioVersion = 10.0.40219.1
Project("{2150E333-8FDC-42A3-9474-1A3956D46DE8}") = "tvtracker", "tvtracker", "{7B11CF31-AD67-07EF-0332-2FFC2CEE4831}"
EndProject
Project("{2150E333-8FDC-42A3-9474-1A3956D46DE8}") = "backend", "backend", "{D7691F95-28D2-BD98-79D3-72930EFA645A}"
EndProject
Project("{FAE04EC0-301F-11D3-BF4B-00C04F79EFBC}") = "TVTracker", "tvtracker\backend\TVTracker\TVTracker.csproj", "{A5B592F2-EB0C-E632-2746-01F02B10E3A6}"
EndProject
Global
	GlobalSection(SolutionConfigurationPlatforms) = preSolution
		Debug|Any CPU = Debug|Any CPU
		Release|Any CPU = Release|Any CPU
	EndGlobalSection
	GlobalSection(ProjectConfigurationPlatforms) = postSolution
		{A5B592F2-EB0C-E632-2746-01F02B10E3A6}.Debug|Any CPU.ActiveCfg = Debug|Any CPU
		{A5B592F2-EB0C-E632-2746-01F02B10E3A6}.Debug|Any CPU.Build.0 = Debug|Any CPU
		{A5B592F2-EB0C-E632-2746-01F02B10E3A6}.Release|Any CPU.ActiveCfg = Release|Any CPU
		{A5B592F2-EB0C-E632-2746-01F02B10E3A6}.Release|Any CPU.Build.0 = Release|Any CPU
	EndGlobalSection
	GlobalSection(SolutionProperties) = preSolution
		HideSolutionNode = FALSE
	EndGlobalSection
	GlobalSection(NestedProjects) = preSolution
		{D7691F95-28D2-BD98-79D3-72930EFA645A} = {7B11CF31-AD67-07EF-0332-2FFC2CEE4831}
		{A5B592F2-EB0C-E632-2746-01F02B10E3A6} = {D7691F95-28D2-BD98-79D3-72930EFA645A}
	EndGlobalSection
	GlobalSection(ExtensibilityGlobals) = postSolution
		SolutionGuid = {AD04E179-568B-4E16-9837-2F1DDA88E55E}
	EndGlobalSection
EndGlobal
